// !$*UTF8*$!
{
	archiveVersion = 1;
	classes = {
	};
	objectVersion = 55;
	objects = {

/* Begin PBXBuildFile section */
		1422876728BF772500ED3BF4 /* Localizable.strings in Resources */ = {isa = PBXBuildFile; fileRef = 1422876928BF772500ED3BF4 /* Localizable.strings */; };
		146F744728BDC73600740D8C /* HapticModel.swift in Sources */ = {isa = PBXBuildFile; fileRef = 146F744628BDC73600740D8C /* HapticModel.swift */; };
		9C281B9B28B7050800B437AC /* HomeViewModel.swift in Sources */ = {isa = PBXBuildFile; fileRef = 9C281B9A28B7050800B437AC /* HomeViewModel.swift */; };
		9C52AE8E28C6DCBD0057AC72 /* User.swift in Sources */ = {isa = PBXBuildFile; fileRef = 9C52AE8D28C6DCBD0057AC72 /* User.swift */; };
		9C52AE9028C6E4020057AC72 /* UserViewModel.swift in Sources */ = {isa = PBXBuildFile; fileRef = 9C52AE8F28C6E4020057AC72 /* UserViewModel.swift */; };
		9C52AE9228C77AB10057AC72 /* AnggotaSheetView.swift in Sources */ = {isa = PBXBuildFile; fileRef = 9C52AE9128C77AB10057AC72 /* AnggotaSheetView.swift */; };
		9CA627FA28B5E0E9008344B1 /* ProjectCardView.swift in Sources */ = {isa = PBXBuildFile; fileRef = 9CA627F928B5E0E9008344B1 /* ProjectCardView.swift */; };
		9CA627FC28B5E206008344B1 /* Constant.swift in Sources */ = {isa = PBXBuildFile; fileRef = 9CA627FB28B5E206008344B1 /* Constant.swift */; };
		9CB9DA7428B86F1B00A57A10 /* TaskView.swift in Sources */ = {isa = PBXBuildFile; fileRef = 9CB9DA7328B86F1B00A57A10 /* TaskView.swift */; };
		C958E9BC28B6395B00DC7F8B /* DetailProjectCardView.swift in Sources */ = {isa = PBXBuildFile; fileRef = C958E9BB28B6395B00DC7F8B /* DetailProjectCardView.swift */; };
		C958E9BE28B639D700DC7F8B /* DetailProjectTaskCard.swift in Sources */ = {isa = PBXBuildFile; fileRef = C958E9BD28B639D700DC7F8B /* DetailProjectTaskCard.swift */; };
		C958E9C028B639EF00DC7F8B /* DetailProjectView.swift in Sources */ = {isa = PBXBuildFile; fileRef = C958E9BF28B639EF00DC7F8B /* DetailProjectView.swift */; };
		C967B89428B7B3BB00B59CE2 /* ActivityIndicator.swift in Sources */ = {isa = PBXBuildFile; fileRef = C967B89328B7B3BB00B59CE2 /* ActivityIndicator.swift */; };
		C967B89628BC5C6800B59CE2 /* DetailProjecrCard2View.swift in Sources */ = {isa = PBXBuildFile; fileRef = C967B89528BC5C6800B59CE2 /* DetailProjecrCard2View.swift */; };
		C967B89828BC5E3200B59CE2 /* DetailProjectParticipantView.swift in Sources */ = {isa = PBXBuildFile; fileRef = C967B89728BC5E3200B59CE2 /* DetailProjectParticipantView.swift */; };
		C967B89A28BC5E5E00B59CE2 /* DetailProjectCard3View.swift in Sources */ = {isa = PBXBuildFile; fileRef = C967B89928BC5E5E00B59CE2 /* DetailProjectCard3View.swift */; };
		C967B8A028BDAD0200B59CE2 /* Task.swift in Sources */ = {isa = PBXBuildFile; fileRef = C967B89F28BDAD0200B59CE2 /* Task.swift */; };
		C967B8A228BDB84A00B59CE2 /* TaskViewModel.swift in Sources */ = {isa = PBXBuildFile; fileRef = C967B8A128BDB84A00B59CE2 /* TaskViewModel.swift */; };
		C978E52328B5FE540079C6AE /* Project.swift in Sources */ = {isa = PBXBuildFile; fileRef = C978E52228B5FE540079C6AE /* Project.swift */; };
		C978E52528B602BC0079C6AE /* ProjectViewModel.swift in Sources */ = {isa = PBXBuildFile; fileRef = C978E52428B602BC0079C6AE /* ProjectViewModel.swift */; };
		C978E52728B630450079C6AE /* CreateProjectView.swift in Sources */ = {isa = PBXBuildFile; fileRef = C978E52628B630450079C6AE /* CreateProjectView.swift */; };
		C9820E7228B5F28A0043724D /* ProfileView.swift in Sources */ = {isa = PBXBuildFile; fileRef = C9820E7128B5F28A0043724D /* ProfileView.swift */; };
		C9820E7428B5F2A00043724D /* TabBarView.swift in Sources */ = {isa = PBXBuildFile; fileRef = C9820E7328B5F2A00043724D /* TabBarView.swift */; };
		C9820E7628B5F37E0043724D /* TugaskuView.swift in Sources */ = {isa = PBXBuildFile; fileRef = C9820E7528B5F37E0043724D /* TugaskuView.swift */; };
		C9AE660B28B5CEE5000C0133 /* UMKMApp.swift in Sources */ = {isa = PBXBuildFile; fileRef = C9AE660A28B5CEE5000C0133 /* UMKMApp.swift */; };
		C9AE660D28B5CEE5000C0133 /* ContentView.swift in Sources */ = {isa = PBXBuildFile; fileRef = C9AE660C28B5CEE5000C0133 /* ContentView.swift */; };
		C9AE660F28B5CEE6000C0133 /* Assets.xcassets in Resources */ = {isa = PBXBuildFile; fileRef = C9AE660E28B5CEE6000C0133 /* Assets.xcassets */; };
		C9AE661228B5CEE6000C0133 /* Preview Assets.xcassets in Resources */ = {isa = PBXBuildFile; fileRef = C9AE661128B5CEE6000C0133 /* Preview Assets.xcassets */; };
		C9AE661B28B5D120000C0133 /* CloudKit.framework in Frameworks */ = {isa = PBXBuildFile; fileRef = C9AE661A28B5D120000C0133 /* CloudKit.framework */; };
		C9AE662128B5D3D3000C0133 /* LoginView.swift in Sources */ = {isa = PBXBuildFile; fileRef = C9AE662028B5D3D3000C0133 /* LoginView.swift */; };
		C9AE662328B5D82D000C0133 /* HomeView.swift in Sources */ = {isa = PBXBuildFile; fileRef = C9AE662228B5D82D000C0133 /* HomeView.swift */; };
		C9AE662628B5D8A6000C0133 /* MainViewModel.swift in Sources */ = {isa = PBXBuildFile; fileRef = C9AE662528B5D8A6000C0133 /* MainViewModel.swift */; };
		C9FCAD7A28C8303F004A0FD9 /* Divisi.swift in Sources */ = {isa = PBXBuildFile; fileRef = C9FCAD7928C8303F004A0FD9 /* Divisi.swift */; };
/* End PBXBuildFile section */

/* Begin PBXFileReference section */
		1422876828BF772500ED3BF4 /* id */ = {isa = PBXFileReference; lastKnownFileType = text.plist.strings; name = id; path = id.lproj/Localizable.strings; sourceTree = "<group>"; };
		146F744628BDC73600740D8C /* HapticModel.swift */ = {isa = PBXFileReference; lastKnownFileType = sourcecode.swift; path = HapticModel.swift; sourceTree = "<group>"; };
		9C281B9A28B7050800B437AC /* HomeViewModel.swift */ = {isa = PBXFileReference; lastKnownFileType = sourcecode.swift; path = HomeViewModel.swift; sourceTree = "<group>"; };
		9C52AE8D28C6DCBD0057AC72 /* User.swift */ = {isa = PBXFileReference; lastKnownFileType = sourcecode.swift; path = User.swift; sourceTree = "<group>"; };
		9C52AE8F28C6E4020057AC72 /* UserViewModel.swift */ = {isa = PBXFileReference; lastKnownFileType = sourcecode.swift; path = UserViewModel.swift; sourceTree = "<group>"; };
		9C52AE9128C77AB10057AC72 /* AnggotaSheetView.swift */ = {isa = PBXFileReference; lastKnownFileType = sourcecode.swift; path = AnggotaSheetView.swift; sourceTree = "<group>"; };
		9CA627F928B5E0E9008344B1 /* ProjectCardView.swift */ = {isa = PBXFileReference; lastKnownFileType = sourcecode.swift; path = ProjectCardView.swift; sourceTree = "<group>"; };
		9CA627FB28B5E206008344B1 /* Constant.swift */ = {isa = PBXFileReference; lastKnownFileType = sourcecode.swift; path = Constant.swift; sourceTree = "<group>"; };
		9CB9DA7328B86F1B00A57A10 /* TaskView.swift */ = {isa = PBXFileReference; lastKnownFileType = sourcecode.swift; path = TaskView.swift; sourceTree = "<group>"; };
		C958E9BB28B6395B00DC7F8B /* DetailProjectCardView.swift */ = {isa = PBXFileReference; lastKnownFileType = sourcecode.swift; path = DetailProjectCardView.swift; sourceTree = "<group>"; };
		C958E9BD28B639D700DC7F8B /* DetailProjectTaskCard.swift */ = {isa = PBXFileReference; lastKnownFileType = sourcecode.swift; path = DetailProjectTaskCard.swift; sourceTree = "<group>"; };
		C958E9BF28B639EF00DC7F8B /* DetailProjectView.swift */ = {isa = PBXFileReference; lastKnownFileType = sourcecode.swift; path = DetailProjectView.swift; sourceTree = "<group>"; };
		C967B89328B7B3BB00B59CE2 /* ActivityIndicator.swift */ = {isa = PBXFileReference; lastKnownFileType = sourcecode.swift; path = ActivityIndicator.swift; sourceTree = "<group>"; };
		C967B89528BC5C6800B59CE2 /* DetailProjecrCard2View.swift */ = {isa = PBXFileReference; lastKnownFileType = sourcecode.swift; path = DetailProjecrCard2View.swift; sourceTree = "<group>"; };
		C967B89728BC5E3200B59CE2 /* DetailProjectParticipantView.swift */ = {isa = PBXFileReference; lastKnownFileType = sourcecode.swift; path = DetailProjectParticipantView.swift; sourceTree = "<group>"; };
		C967B89928BC5E5E00B59CE2 /* DetailProjectCard3View.swift */ = {isa = PBXFileReference; lastKnownFileType = sourcecode.swift; path = DetailProjectCard3View.swift; sourceTree = "<group>"; };
		C967B89F28BDAD0200B59CE2 /* Task.swift */ = {isa = PBXFileReference; lastKnownFileType = sourcecode.swift; path = Task.swift; sourceTree = "<group>"; };
		C967B8A128BDB84A00B59CE2 /* TaskViewModel.swift */ = {isa = PBXFileReference; lastKnownFileType = sourcecode.swift; path = TaskViewModel.swift; sourceTree = "<group>"; };
		C978E52228B5FE540079C6AE /* Project.swift */ = {isa = PBXFileReference; lastKnownFileType = sourcecode.swift; path = Project.swift; sourceTree = "<group>"; };
		C978E52428B602BC0079C6AE /* ProjectViewModel.swift */ = {isa = PBXFileReference; lastKnownFileType = sourcecode.swift; path = ProjectViewModel.swift; sourceTree = "<group>"; };
		C978E52628B630450079C6AE /* CreateProjectView.swift */ = {isa = PBXFileReference; lastKnownFileType = sourcecode.swift; path = CreateProjectView.swift; sourceTree = "<group>"; };
		C9820E7128B5F28A0043724D /* ProfileView.swift */ = {isa = PBXFileReference; lastKnownFileType = sourcecode.swift; path = ProfileView.swift; sourceTree = "<group>"; };
		C9820E7328B5F2A00043724D /* TabBarView.swift */ = {isa = PBXFileReference; lastKnownFileType = sourcecode.swift; path = TabBarView.swift; sourceTree = "<group>"; };
		C9820E7528B5F37E0043724D /* TugaskuView.swift */ = {isa = PBXFileReference; lastKnownFileType = sourcecode.swift; path = TugaskuView.swift; sourceTree = "<group>"; };
		C9AE660728B5CEE5000C0133 /* UMKM.app */ = {isa = PBXFileReference; explicitFileType = wrapper.application; includeInIndex = 0; path = UMKM.app; sourceTree = BUILT_PRODUCTS_DIR; };
		C9AE660A28B5CEE5000C0133 /* UMKMApp.swift */ = {isa = PBXFileReference; lastKnownFileType = sourcecode.swift; path = UMKMApp.swift; sourceTree = "<group>"; };
		C9AE660C28B5CEE5000C0133 /* ContentView.swift */ = {isa = PBXFileReference; lastKnownFileType = sourcecode.swift; path = ContentView.swift; sourceTree = "<group>"; };
		C9AE660E28B5CEE6000C0133 /* Assets.xcassets */ = {isa = PBXFileReference; lastKnownFileType = folder.assetcatalog; path = Assets.xcassets; sourceTree = "<group>"; };
		C9AE661128B5CEE6000C0133 /* Preview Assets.xcassets */ = {isa = PBXFileReference; lastKnownFileType = folder.assetcatalog; path = "Preview Assets.xcassets"; sourceTree = "<group>"; };
		C9AE661828B5D10C000C0133 /* UMKM.entitlements */ = {isa = PBXFileReference; lastKnownFileType = text.plist.entitlements; path = UMKM.entitlements; sourceTree = "<group>"; };
		C9AE661A28B5D120000C0133 /* CloudKit.framework */ = {isa = PBXFileReference; lastKnownFileType = wrapper.framework; name = CloudKit.framework; path = System/Library/Frameworks/CloudKit.framework; sourceTree = SDKROOT; };
		C9AE662028B5D3D3000C0133 /* LoginView.swift */ = {isa = PBXFileReference; lastKnownFileType = sourcecode.swift; path = LoginView.swift; sourceTree = "<group>"; };
		C9AE662228B5D82D000C0133 /* HomeView.swift */ = {isa = PBXFileReference; lastKnownFileType = sourcecode.swift; path = HomeView.swift; sourceTree = "<group>"; };
		C9AE662528B5D8A6000C0133 /* MainViewModel.swift */ = {isa = PBXFileReference; lastKnownFileType = sourcecode.swift; path = MainViewModel.swift; sourceTree = "<group>"; };
		C9FCAD7828C6FC00004A0FD9 /* Info.plist */ = {isa = PBXFileReference; lastKnownFileType = text.plist; path = Info.plist; sourceTree = "<group>"; };
		C9FCAD7928C8303F004A0FD9 /* Divisi.swift */ = {isa = PBXFileReference; lastKnownFileType = sourcecode.swift; path = Divisi.swift; sourceTree = "<group>"; };
/* End PBXFileReference section */

/* Begin PBXFrameworksBuildPhase section */
		C9AE660428B5CEE5000C0133 /* Frameworks */ = {
			isa = PBXFrameworksBuildPhase;
			buildActionMask = 2147483647;
			files = (
				C9AE661B28B5D120000C0133 /* CloudKit.framework in Frameworks */,
			);
			runOnlyForDeploymentPostprocessing = 0;
		};
/* End PBXFrameworksBuildPhase section */

/* Begin PBXGroup section */
		9C52AE9428C830270057AC72 /* Create Project */ = {
			isa = PBXGroup;
			children = (
				C978E52628B630450079C6AE /* CreateProjectView.swift */,
				9CB9DA7328B86F1B00A57A10 /* TaskView.swift */,
			);
			path = "Create Project";
			sourceTree = "<group>";
		};
		9CA6280128B60433008344B1 /* DetailProjectView */ = {
			isa = PBXGroup;
			children = (
				C967B89C28BC631D00B59CE2 /* DetailParticipant */,
				C967B89B28BC630900B59CE2 /* DetailTask */,
				C958E9BB28B6395B00DC7F8B /* DetailProjectCardView.swift */,
				C958E9BF28B639EF00DC7F8B /* DetailProjectView.swift */,
				C967B89528BC5C6800B59CE2 /* DetailProjecrCard2View.swift */,
				C967B89928BC5E5E00B59CE2 /* DetailProjectCard3View.swift */,
			);
			path = DetailProjectView;
			sourceTree = "<group>";
		};
		C967B89B28BC630900B59CE2 /* DetailTask */ = {
			isa = PBXGroup;
			children = (
				C958E9BD28B639D700DC7F8B /* DetailProjectTaskCard.swift */,
				9C52AE9128C77AB10057AC72 /* AnggotaSheetView.swift */,
			);
			path = DetailTask;
			sourceTree = "<group>";
		};
		C967B89C28BC631D00B59CE2 /* DetailParticipant */ = {
			isa = PBXGroup;
			children = (
				C967B89728BC5E3200B59CE2 /* DetailProjectParticipantView.swift */,
			);
			path = DetailParticipant;
			sourceTree = "<group>";
		};
		C9AE65FE28B5CEE5000C0133 = {
			isa = PBXGroup;
			children = (
				1422876928BF772500ED3BF4 /* Localizable.strings */,
				C9AE660928B5CEE5000C0133 /* UMKM */,
				C9AE660828B5CEE5000C0133 /* Products */,
				C9AE661928B5D120000C0133 /* Frameworks */,
			);
			sourceTree = "<group>";
		};
		C9AE660828B5CEE5000C0133 /* Products */ = {
			isa = PBXGroup;
			children = (
				C9AE660728B5CEE5000C0133 /* UMKM.app */,
			);
			name = Products;
			sourceTree = "<group>";
		};
		C9AE660928B5CEE5000C0133 /* UMKM */ = {
			isa = PBXGroup;
			children = (
				C9FCAD7828C6FC00004A0FD9 /* Info.plist */,
				C9AE661E28B5D3A6000C0133 /* ViewModel */,
				C9AE661D28B5D39C000C0133 /* View */,
				C9AE661C28B5D392000C0133 /* Model */,
				C9AE661828B5D10C000C0133 /* UMKM.entitlements */,
				C9AE660A28B5CEE5000C0133 /* UMKMApp.swift */,
				C9AE660C28B5CEE5000C0133 /* ContentView.swift */,
				C9AE660E28B5CEE6000C0133 /* Assets.xcassets */,
				C9AE661028B5CEE6000C0133 /* Preview Content */,
			);
			path = UMKM;
			sourceTree = "<group>";
		};
		C9AE661028B5CEE6000C0133 /* Preview Content */ = {
			isa = PBXGroup;
			children = (
				C9AE661128B5CEE6000C0133 /* Preview Assets.xcassets */,
			);
			path = "Preview Content";
			sourceTree = "<group>";
		};
		C9AE661928B5D120000C0133 /* Frameworks */ = {
			isa = PBXGroup;
			children = (
				C9AE661A28B5D120000C0133 /* CloudKit.framework */,
			);
			name = Frameworks;
			sourceTree = "<group>";
		};
		C9AE661C28B5D392000C0133 /* Model */ = {
			isa = PBXGroup;
			children = (
				9CA627FB28B5E206008344B1 /* Constant.swift */,
				C978E52228B5FE540079C6AE /* Project.swift */,
				C967B89F28BDAD0200B59CE2 /* Task.swift */,
				9C52AE8D28C6DCBD0057AC72 /* User.swift */,
				C9FCAD7928C8303F004A0FD9 /* Divisi.swift */,
			);
			path = Model;
			sourceTree = "<group>";
		};
		C9AE661D28B5D39C000C0133 /* View */ = {
			isa = PBXGroup;
			children = (
				9C52AE9428C830270057AC72 /* Create Project */,
				9CA6280128B60433008344B1 /* DetailProjectView */,
				C9AE662428B5D839000C0133 /* TabBarView */,
				C9AE661F28B5D3C4000C0133 /* LoginView */,
				C967B89328B7B3BB00B59CE2 /* ActivityIndicator.swift */,
			);
			path = View;
			sourceTree = "<group>";
		};
		C9AE661E28B5D3A6000C0133 /* ViewModel */ = {
			isa = PBXGroup;
			children = (
				C9AE662528B5D8A6000C0133 /* MainViewModel.swift */,
				C978E52428B602BC0079C6AE /* ProjectViewModel.swift */,
				9C281B9A28B7050800B437AC /* HomeViewModel.swift */,
				C967B8A128BDB84A00B59CE2 /* TaskViewModel.swift */,
				146F744628BDC73600740D8C /* HapticModel.swift */,
				9C52AE8F28C6E4020057AC72 /* UserViewModel.swift */,
			);
			path = ViewModel;
			sourceTree = "<group>";
		};
		C9AE661F28B5D3C4000C0133 /* LoginView */ = {
			isa = PBXGroup;
			children = (
				C9AE662028B5D3D3000C0133 /* LoginView.swift */,
			);
			path = LoginView;
			sourceTree = "<group>";
		};
		C9AE662428B5D839000C0133 /* TabBarView */ = {
			isa = PBXGroup;
			children = (
				9CA627F928B5E0E9008344B1 /* ProjectCardView.swift */,
				C9AE662228B5D82D000C0133 /* HomeView.swift */,
				C9820E7128B5F28A0043724D /* ProfileView.swift */,
				C9820E7328B5F2A00043724D /* TabBarView.swift */,
				C9820E7528B5F37E0043724D /* TugaskuView.swift */,
			);
			path = TabBarView;
			sourceTree = "<group>";
		};
/* End PBXGroup section */

/* Begin PBXNativeTarget section */
		C9AE660628B5CEE5000C0133 /* UMKM */ = {
			isa = PBXNativeTarget;
			buildConfigurationList = C9AE661528B5CEE6000C0133 /* Build configuration list for PBXNativeTarget "UMKM" */;
			buildPhases = (
				C9AE660328B5CEE5000C0133 /* Sources */,
				C9AE660428B5CEE5000C0133 /* Frameworks */,
				C9AE660528B5CEE5000C0133 /* Resources */,
			);
			buildRules = (
			);
			dependencies = (
			);
			name = UMKM;
			productName = UMKM;
			productReference = C9AE660728B5CEE5000C0133 /* UMKM.app */;
			productType = "com.apple.product-type.application";
		};
/* End PBXNativeTarget section */

/* Begin PBXProject section */
		C9AE65FF28B5CEE5000C0133 /* Project object */ = {
			isa = PBXProject;
			attributes = {
				BuildIndependentTargetsInParallel = 1;
				LastSwiftUpdateCheck = 1330;
				LastUpgradeCheck = 1330;
				TargetAttributes = {
					C9AE660628B5CEE5000C0133 = {
						CreatedOnToolsVersion = 13.3;
					};
				};
			};
			buildConfigurationList = C9AE660228B5CEE5000C0133 /* Build configuration list for PBXProject "UMKM" */;
			compatibilityVersion = "Xcode 13.0";
			developmentRegion = en;
			hasScannedForEncodings = 0;
			knownRegions = (
				en,
				Base,
				id,
			);
			mainGroup = C9AE65FE28B5CEE5000C0133;
			productRefGroup = C9AE660828B5CEE5000C0133 /* Products */;
			projectDirPath = "";
			projectRoot = "";
			targets = (
				C9AE660628B5CEE5000C0133 /* UMKM */,
			);
		};
/* End PBXProject section */

/* Begin PBXResourcesBuildPhase section */
		C9AE660528B5CEE5000C0133 /* Resources */ = {
			isa = PBXResourcesBuildPhase;
			buildActionMask = 2147483647;
			files = (
				C9AE661228B5CEE6000C0133 /* Preview Assets.xcassets in Resources */,
				1422876728BF772500ED3BF4 /* Localizable.strings in Resources */,
				C9AE660F28B5CEE6000C0133 /* Assets.xcassets in Resources */,
			);
			runOnlyForDeploymentPostprocessing = 0;
		};
/* End PBXResourcesBuildPhase section */

/* Begin PBXSourcesBuildPhase section */
		C9AE660328B5CEE5000C0133 /* Sources */ = {
			isa = PBXSourcesBuildPhase;
			buildActionMask = 2147483647;
			files = (
				9C52AE8E28C6DCBD0057AC72 /* User.swift in Sources */,
				9C281B9B28B7050800B437AC /* HomeViewModel.swift in Sources */,
				9C52AE9228C77AB10057AC72 /* AnggotaSheetView.swift in Sources */,
				C967B89A28BC5E5E00B59CE2 /* DetailProjectCard3View.swift in Sources */,
				9CA627FA28B5E0E9008344B1 /* ProjectCardView.swift in Sources */,
				146F744728BDC73600740D8C /* HapticModel.swift in Sources */,
				C958E9BC28B6395B00DC7F8B /* DetailProjectCardView.swift in Sources */,
				C967B8A028BDAD0200B59CE2 /* Task.swift in Sources */,
				C9AE662628B5D8A6000C0133 /* MainViewModel.swift in Sources */,
				C9AE662128B5D3D3000C0133 /* LoginView.swift in Sources */,
				C9820E7428B5F2A00043724D /* TabBarView.swift in Sources */,
				C967B89628BC5C6800B59CE2 /* DetailProjecrCard2View.swift in Sources */,
				C978E52528B602BC0079C6AE /* ProjectViewModel.swift in Sources */,
				C9820E7628B5F37E0043724D /* TugaskuView.swift in Sources */,
				C958E9C028B639EF00DC7F8B /* DetailProjectView.swift in Sources */,
				9CB9DA7428B86F1B00A57A10 /* TaskView.swift in Sources */,
				C967B8A228BDB84A00B59CE2 /* TaskViewModel.swift in Sources */,
				C9AE662328B5D82D000C0133 /* HomeView.swift in Sources */,
				C958E9BE28B639D700DC7F8B /* DetailProjectTaskCard.swift in Sources */,
				C9AE660D28B5CEE5000C0133 /* ContentView.swift in Sources */,
				C967B89828BC5E3200B59CE2 /* DetailProjectParticipantView.swift in Sources */,
				C978E52328B5FE540079C6AE /* Project.swift in Sources */,
				9CA627FC28B5E206008344B1 /* Constant.swift in Sources */,
				C978E52728B630450079C6AE /* CreateProjectView.swift in Sources */,
				C9FCAD7A28C8303F004A0FD9 /* Divisi.swift in Sources */,
				C9820E7228B5F28A0043724D /* ProfileView.swift in Sources */,
				C967B89428B7B3BB00B59CE2 /* ActivityIndicator.swift in Sources */,
				9C52AE9028C6E4020057AC72 /* UserViewModel.swift in Sources */,
				C9AE660B28B5CEE5000C0133 /* UMKMApp.swift in Sources */,
			);
			runOnlyForDeploymentPostprocessing = 0;
		};
/* End PBXSourcesBuildPhase section */

/* Begin PBXVariantGroup section */
		1422876928BF772500ED3BF4 /* Localizable.strings */ = {
			isa = PBXVariantGroup;
			children = (
				1422876828BF772500ED3BF4 /* id */,
			);
			name = Localizable.strings;
			sourceTree = "<group>";
		};
/* End PBXVariantGroup section */

/* Begin XCBuildConfiguration section */
		C9AE661328B5CEE6000C0133 /* Debug */ = {
			isa = XCBuildConfiguration;
			buildSettings = {
				ALWAYS_SEARCH_USER_PATHS = NO;
				CLANG_ANALYZER_NONNULL = YES;
				CLANG_ANALYZER_NUMBER_OBJECT_CONVERSION = YES_AGGRESSIVE;
				CLANG_CXX_LANGUAGE_STANDARD = "gnu++17";
				CLANG_ENABLE_MODULES = YES;
				CLANG_ENABLE_OBJC_ARC = YES;
				CLANG_ENABLE_OBJC_WEAK = YES;
				CLANG_WARN_BLOCK_CAPTURE_AUTORELEASING = YES;
				CLANG_WARN_BOOL_CONVERSION = YES;
				CLANG_WARN_COMMA = YES;
				CLANG_WARN_CONSTANT_CONVERSION = YES;
				CLANG_WARN_DEPRECATED_OBJC_IMPLEMENTATIONS = YES;
				CLANG_WARN_DIRECT_OBJC_ISA_USAGE = YES_ERROR;
				CLANG_WARN_DOCUMENTATION_COMMENTS = YES;
				CLANG_WARN_EMPTY_BODY = YES;
				CLANG_WARN_ENUM_CONVERSION = YES;
				CLANG_WARN_INFINITE_RECURSION = YES;
				CLANG_WARN_INT_CONVERSION = YES;
				CLANG_WARN_NON_LITERAL_NULL_CONVERSION = YES;
				CLANG_WARN_OBJC_IMPLICIT_RETAIN_SELF = YES;
				CLANG_WARN_OBJC_LITERAL_CONVERSION = YES;
				CLANG_WARN_OBJC_ROOT_CLASS = YES_ERROR;
				CLANG_WARN_QUOTED_INCLUDE_IN_FRAMEWORK_HEADER = YES;
				CLANG_WARN_RANGE_LOOP_ANALYSIS = YES;
				CLANG_WARN_STRICT_PROTOTYPES = YES;
				CLANG_WARN_SUSPICIOUS_MOVE = YES;
				CLANG_WARN_UNGUARDED_AVAILABILITY = YES_AGGRESSIVE;
				CLANG_WARN_UNREACHABLE_CODE = YES;
				CLANG_WARN__DUPLICATE_METHOD_MATCH = YES;
				COPY_PHASE_STRIP = NO;
				DEBUG_INFORMATION_FORMAT = dwarf;
				ENABLE_STRICT_OBJC_MSGSEND = YES;
				ENABLE_TESTABILITY = YES;
				GCC_C_LANGUAGE_STANDARD = gnu11;
				GCC_DYNAMIC_NO_PIC = NO;
				GCC_NO_COMMON_BLOCKS = YES;
				GCC_OPTIMIZATION_LEVEL = 0;
				GCC_PREPROCESSOR_DEFINITIONS = (
					"DEBUG=1",
					"$(inherited)",
				);
				GCC_WARN_64_TO_32_BIT_CONVERSION = YES;
				GCC_WARN_ABOUT_RETURN_TYPE = YES_ERROR;
				GCC_WARN_UNDECLARED_SELECTOR = YES;
				GCC_WARN_UNINITIALIZED_AUTOS = YES_AGGRESSIVE;
				GCC_WARN_UNUSED_FUNCTION = YES;
				GCC_WARN_UNUSED_VARIABLE = YES;
				IPHONEOS_DEPLOYMENT_TARGET = 15.4;
				MTL_ENABLE_DEBUG_INFO = INCLUDE_SOURCE;
				MTL_FAST_MATH = YES;
				ONLY_ACTIVE_ARCH = YES;
				SDKROOT = iphoneos;
				SWIFT_ACTIVE_COMPILATION_CONDITIONS = DEBUG;
				SWIFT_OPTIMIZATION_LEVEL = "-Onone";
			};
			name = Debug;
		};
		C9AE661428B5CEE6000C0133 /* Release */ = {
			isa = XCBuildConfiguration;
			buildSettings = {
				ALWAYS_SEARCH_USER_PATHS = NO;
				CLANG_ANALYZER_NONNULL = YES;
				CLANG_ANALYZER_NUMBER_OBJECT_CONVERSION = YES_AGGRESSIVE;
				CLANG_CXX_LANGUAGE_STANDARD = "gnu++17";
				CLANG_ENABLE_MODULES = YES;
				CLANG_ENABLE_OBJC_ARC = YES;
				CLANG_ENABLE_OBJC_WEAK = YES;
				CLANG_WARN_BLOCK_CAPTURE_AUTORELEASING = YES;
				CLANG_WARN_BOOL_CONVERSION = YES;
				CLANG_WARN_COMMA = YES;
				CLANG_WARN_CONSTANT_CONVERSION = YES;
				CLANG_WARN_DEPRECATED_OBJC_IMPLEMENTATIONS = YES;
				CLANG_WARN_DIRECT_OBJC_ISA_USAGE = YES_ERROR;
				CLANG_WARN_DOCUMENTATION_COMMENTS = YES;
				CLANG_WARN_EMPTY_BODY = YES;
				CLANG_WARN_ENUM_CONVERSION = YES;
				CLANG_WARN_INFINITE_RECURSION = YES;
				CLANG_WARN_INT_CONVERSION = YES;
				CLANG_WARN_NON_LITERAL_NULL_CONVERSION = YES;
				CLANG_WARN_OBJC_IMPLICIT_RETAIN_SELF = YES;
				CLANG_WARN_OBJC_LITERAL_CONVERSION = YES;
				CLANG_WARN_OBJC_ROOT_CLASS = YES_ERROR;
				CLANG_WARN_QUOTED_INCLUDE_IN_FRAMEWORK_HEADER = YES;
				CLANG_WARN_RANGE_LOOP_ANALYSIS = YES;
				CLANG_WARN_STRICT_PROTOTYPES = YES;
				CLANG_WARN_SUSPICIOUS_MOVE = YES;
				CLANG_WARN_UNGUARDED_AVAILABILITY = YES_AGGRESSIVE;
				CLANG_WARN_UNREACHABLE_CODE = YES;
				CLANG_WARN__DUPLICATE_METHOD_MATCH = YES;
				COPY_PHASE_STRIP = NO;
				DEBUG_INFORMATION_FORMAT = "dwarf-with-dsym";
				ENABLE_NS_ASSERTIONS = NO;
				ENABLE_STRICT_OBJC_MSGSEND = YES;
				GCC_C_LANGUAGE_STANDARD = gnu11;
				GCC_NO_COMMON_BLOCKS = YES;
				GCC_WARN_64_TO_32_BIT_CONVERSION = YES;
				GCC_WARN_ABOUT_RETURN_TYPE = YES_ERROR;
				GCC_WARN_UNDECLARED_SELECTOR = YES;
				GCC_WARN_UNINITIALIZED_AUTOS = YES_AGGRESSIVE;
				GCC_WARN_UNUSED_FUNCTION = YES;
				GCC_WARN_UNUSED_VARIABLE = YES;
				IPHONEOS_DEPLOYMENT_TARGET = 15.4;
				MTL_ENABLE_DEBUG_INFO = NO;
				MTL_FAST_MATH = YES;
				SDKROOT = iphoneos;
				SWIFT_COMPILATION_MODE = wholemodule;
				SWIFT_OPTIMIZATION_LEVEL = "-O";
				VALIDATE_PRODUCT = YES;
			};
			name = Release;
		};
		C9AE661628B5CEE6000C0133 /* Debug */ = {
			isa = XCBuildConfiguration;
			buildSettings = {
				ASSETCATALOG_COMPILER_APPICON_NAME = AppIcon;
				ASSETCATALOG_COMPILER_GLOBAL_ACCENT_COLOR_NAME = AccentColor;
				ASSETCATALOG_COMPILER_INCLUDE_ALL_APPICON_ASSETS = NO;
				CODE_SIGN_ENTITLEMENTS = UMKM/UMKM.entitlements;
				CODE_SIGN_STYLE = Automatic;
				CURRENT_PROJECT_VERSION = 4;
				DEVELOPMENT_ASSET_PATHS = "\"UMKM/Preview Content\"";
				DEVELOPMENT_TEAM = "";
				ENABLE_PREVIEWS = YES;
				GENERATE_INFOPLIST_FILE = YES;
				INFOPLIST_FILE = UMKM/Info.plist;
				INFOPLIST_KEY_UIApplicationSceneManifest_Generation = YES;
				INFOPLIST_KEY_UIApplicationSupportsIndirectInputEvents = YES;
				INFOPLIST_KEY_UILaunchScreen_Generation = YES;
				INFOPLIST_KEY_UISupportedInterfaceOrientations_iPad = "UIInterfaceOrientationPortrait UIInterfaceOrientationPortraitUpsideDown UIInterfaceOrientationLandscapeLeft UIInterfaceOrientationLandscapeRight";
				INFOPLIST_KEY_UISupportedInterfaceOrientations_iPhone = "UIInterfaceOrientationPortrait UIInterfaceOrientationLandscapeLeft UIInterfaceOrientationLandscapeRight";
				IPHONEOS_DEPLOYMENT_TARGET = 15.4;
				LD_RUNPATH_SEARCH_PATHS = (
					"$(inherited)",
					"@executable_path/Frameworks",
				);
				MARKETING_VERSION = 1.1.3;
				PRODUCT_BUNDLE_IDENTIFIER = MiniChallenge.UMKM;
				PRODUCT_NAME = "$(TARGET_NAME)";
				SWIFT_EMIT_LOC_STRINGS = NO;
				SWIFT_VERSION = 5.0;
				TARGETED_DEVICE_FAMILY = "1,2";
			};
			name = Debug;
		};
		C9AE661728B5CEE6000C0133 /* Release */ = {
			isa = XCBuildConfiguration;
			buildSettings = {
				ASSETCATALOG_COMPILER_APPICON_NAME = AppIcon;
				ASSETCATALOG_COMPILER_GLOBAL_ACCENT_COLOR_NAME = AccentColor;
				ASSETCATALOG_COMPILER_INCLUDE_ALL_APPICON_ASSETS = NO;
				CODE_SIGN_ENTITLEMENTS = UMKM/UMKM.entitlements;
				CODE_SIGN_STYLE = Automatic;
				CURRENT_PROJECT_VERSION = 4;
				DEVELOPMENT_ASSET_PATHS = "\"UMKM/Preview Content\"";
				DEVELOPMENT_TEAM = "";
				ENABLE_PREVIEWS = YES;
				GENERATE_INFOPLIST_FILE = YES;
				INFOPLIST_FILE = UMKM/Info.plist;
				INFOPLIST_KEY_UIApplicationSceneManifest_Generation = YES;
				INFOPLIST_KEY_UIApplicationSupportsIndirectInputEvents = YES;
				INFOPLIST_KEY_UILaunchScreen_Generation = YES;
				INFOPLIST_KEY_UISupportedInterfaceOrientations_iPad = "UIInterfaceOrientationPortrait UIInterfaceOrientationPortraitUpsideDown UIInterfaceOrientationLandscapeLeft UIInterfaceOrientationLandscapeRight";
				INFOPLIST_KEY_UISupportedInterfaceOrientations_iPhone = "UIInterfaceOrientationPortrait UIInterfaceOrientationLandscapeLeft UIInterfaceOrientationLandscapeRight";
				IPHONEOS_DEPLOYMENT_TARGET = 15.4;
				LD_RUNPATH_SEARCH_PATHS = (
					"$(inherited)",
					"@executable_path/Frameworks",
				);
				MARKETING_VERSION = 1.1.3;
				PRODUCT_BUNDLE_IDENTIFIER = MiniChallenge.UMKM;
				PRODUCT_NAME = "$(TARGET_NAME)";
				SWIFT_EMIT_LOC_STRINGS = NO;
				SWIFT_VERSION = 5.0;
				TARGETED_DEVICE_FAMILY = "1,2";
			};
			name = Release;
		};
/* End XCBuildConfiguration section */

/* Begin XCConfigurationList section */
		C9AE660228B5CEE5000C0133 /* Build configuration list for PBXProject "UMKM" */ = {
			isa = XCConfigurationList;
			buildConfigurations = (
				C9AE661328B5CEE6000C0133 /* Debug */,
				C9AE661428B5CEE6000C0133 /* Release */,
			);
			defaultConfigurationIsVisible = 0;
			defaultConfigurationName = Release;
		};
		C9AE661528B5CEE6000C0133 /* Build configuration list for PBXNativeTarget "UMKM" */ = {
			isa = XCConfigurationList;
			buildConfigurations = (
				C9AE661628B5CEE6000C0133 /* Debug */,
				C9AE661728B5CEE6000C0133 /* Release */,
			);
			defaultConfigurationIsVisible = 0;
			defaultConfigurationName = Release;
		};
/* End XCConfigurationList section */
	};
	rootObject = C9AE65FF28B5CEE5000C0133 /* Project object */;
}
